# Generated by pub
# See https://dart.dev/tools/pub/glossary#lockfile
packages:
  _fe_analyzer_shared:
    dependency: "direct overridden"
    description:
      path: "pkg/_fe_analyzer_shared"
      ref: "3.2.6"
      resolved-ref: "3b128c5454834a1aaef37d9bb12595e7c217ab61"
      url: "https://github.com/dart-lang/sdk.git"
    source: git
    version: "64.0.0"
  _js_interop_checks:
    dependency: "direct overridden"
    description:
      path: "pkg/_js_interop_checks"
      ref: "3.2.6"
      resolved-ref: "3b128c5454834a1aaef37d9bb12595e7c217ab61"
      url: "https://github.com/dart-lang/sdk.git"
    source: git
    version: "0.0.0"
  analysis_server:
    dependency: "direct overridden"
    description:
      path: "pkg/analysis_server"
      ref: "3.2.6"
      resolved-ref: "3b128c5454834a1aaef37d9bb12595e7c217ab61"
      url: "https://github.com/dart-lang/sdk.git"
    source: git
    version: "0.0.0"
  analysis_server_client:
    dependency: "direct overridden"
    description:
      path: "pkg/analysis_server_client"
      ref: "3.2.6"
      resolved-ref: "3b128c5454834a1aaef37d9bb12595e7c217ab61"
      url: "https://github.com/dart-lang/sdk.git"
    source: git
    version: "0.0.0"
  analyzer:
    dependency: "direct overridden"
    description:
      path: "pkg/analyzer"
      ref: "3.2.6"
      resolved-ref: "3b128c5454834a1aaef37d9bb12595e7c217ab61"
      url: "https://github.com/dart-lang/sdk.git"
    source: git
    version: "6.2.0"
  analyzer_cli:
    dependency: "direct overridden"
    description:
      path: "pkg/analyzer_cli"
      ref: "3.2.6"
      resolved-ref: "3b128c5454834a1aaef37d9bb12595e7c217ab61"
      url: "https://github.com/dart-lang/sdk.git"
    source: git
    version: "0.0.0"
  analyzer_plugin:
    dependency: "direct overridden"
    description:
      path: "pkg/analyzer_plugin"
      ref: "3.2.6"
      resolved-ref: "3b128c5454834a1aaef37d9bb12595e7c217ab61"
      url: "https://github.com/dart-lang/sdk.git"
    source: git
    version: "0.11.3"
  analyzer_utilities:
    dependency: "direct overridden"
    description:
      path: "pkg/analyzer_utilities"
      ref: "3.2.6"
      resolved-ref: "3b128c5454834a1aaef37d9bb12595e7c217ab61"
      url: "https://github.com/dart-lang/sdk.git"
    source: git
    version: "0.0.0"
  args:
    dependency: "direct overridden"
    description:
      path: "."
      ref: "5a4e16f1e4c08b01498a9dce8aeda1a60161cd52"
      resolved-ref: "5a4e16f1e4c08b01498a9dce8aeda1a60161cd52"
      url: "https://dart.googlesource.com/args.git"
    source: git
    version: "2.4.2"
  async:
    dependency: "direct overridden"
    description:
      path: "."
      ref: "75efa6cc08b2fc906fac4b6fdfdbcf6da7d0a2da"
      resolved-ref: "75efa6cc08b2fc906fac4b6fdfdbcf6da7d0a2da"
      url: "https://dart.googlesource.com/async.git"
    source: git
    version: "2.12.0-wip"
  async_helper:
    dependency: "direct overridden"
    description:
      path: "pkg/async_helper"
      ref: "3.2.6"
      resolved-ref: "3b128c5454834a1aaef37d9bb12595e7c217ab61"
      url: "https://github.com/dart-lang/sdk.git"
    source: git
    version: "0.0.0"
  bazel_worker:
    dependency: "direct overridden"
    description:
      path: "."
      ref: "159e67182044b2d5edd89d12a873487d1d1343c1"
      resolved-ref: "159e67182044b2d5edd89d12a873487d1d1343c1"
      url: "https://dart.googlesource.com/bazel_worker.git"
    source: git
    version: "1.1.0"
  benchmark_harness:
    dependency: "direct overridden"
    description:
      path: "."
      ref: "7d0d28e7946702db34ae121543774f60bf8cf03c"
      resolved-ref: "7d0d28e7946702db34ae121543774f60bf8cf03c"
      url: "https://dart.googlesource.com/benchmark_harness.git"
    source: git
    version: "2.2.2"
  bisect_dart:
    dependency: "direct overridden"
    description:
      path: "pkg/bisect_dart"
      ref: "3.2.6"
      resolved-ref: "3b128c5454834a1aaef37d9bb12595e7c217ab61"
      url: "https://github.com/dart-lang/sdk.git"
    source: git
    version: "0.0.0"
  boolean_selector:
    dependency: "direct overridden"
    description:
      path: "."
      ref: f255921c7155da2167e8c96e04e527180787aafb
      resolved-ref: f255921c7155da2167e8c96e04e527180787aafb
      url: "https://dart.googlesource.com/boolean_selector.git"
    source: git
    version: "2.1.1"
  browser_launcher:
    dependency: "direct overridden"
    description:
      path: "."
      ref: "1f69393d63a2f8d36d00b86cdd20df70c347af82"
      resolved-ref: "1f69393d63a2f8d36d00b86cdd20df70c347af82"
      url: "https://dart.googlesource.com/browser_launcher.git"
    source: git
    version: "1.1.2-dev"
  build:
    dependency: transitive
    description:
      name: build
      sha256: "80184af8b6cb3e5c1c4ec6d8544d27711700bc3e6d2efad04238c7b5290889f0"
      url: "https://pub.dev"
    source: hosted
    version: "2.4.1"
  build_integration:
    dependency: "direct overridden"
    description:
      path: "pkg/build_integration"
      ref: "3.2.6"
      resolved-ref: "3b128c5454834a1aaef37d9bb12595e7c217ab61"
      url: "https://github.com/dart-lang/sdk.git"
    source: git
    version: "0.0.0"
  built_collection:
    dependency: transitive
    description:
      name: built_collection
      sha256: "376e3dd27b51ea877c28d525560790aee2e6fbb5f20e2f85d5081027d94e2100"
      url: "https://pub.dev"
    source: hosted
    version: "5.1.1"
  built_value:
    dependency: transitive
    description:
      name: built_value
      sha256: "28a712df2576b63c6c005c465989a348604960c0958d28be5303ba9baa841ac2"
      url: "https://pub.dev"
    source: hosted
    version: "8.9.3"
  characters:
    dependency: "direct overridden"
    description:
      path: "."
      ref: "7633a16a22c626e19ca750223237396315268a06"
      resolved-ref: "7633a16a22c626e19ca750223237396315268a06"
      url: "https://dart.googlesource.com/characters.git"
    source: git
    version: "1.3.0"
  checks:
    dependency: transitive
    description:
      name: checks
      sha256: "03c1a2e4a4d3341ce0512f1401204ecdcdca8cc035e373820a73929cc0bf4fd3"
      url: "https://pub.dev"
    source: hosted
    version: "0.2.2"
  cli_config:
    dependency: transitive
    description:
      name: cli_config
      sha256: "65c7830649e1f8247660f1b783effb460255d6e2c1ac94eb823cf1f84e59b288"
      url: "https://pub.dev"
    source: hosted
    version: "0.1.2"
  cli_util:
    dependency: "direct overridden"
    description:
      path: "."
      ref: "44118e35e55c75f84fbc5ead051424ee1e73e406"
      resolved-ref: "44118e35e55c75f84fbc5ead051424ee1e73e406"
      url: "https://dart.googlesource.com/cli_util.git"
    source: git
    version: "0.4.0"
  clock:
    dependency: "direct overridden"
    description:
      path: "."
      ref: "1e75f08d3428bcd6f4b7cf70e788f24fc9b661e1"
      resolved-ref: "1e75f08d3428bcd6f4b7cf70e788f24fc9b661e1"
      url: "https://dart.googlesource.com/clock.git"
    source: git
    version: "1.1.2-dev"
  code_builder:
    dependency: transitive
    description:
      name: code_builder
      sha256: f692079e25e7869c14132d39f223f8eec9830eb76131925143b2129c4bb01b37
      url: "https://pub.dev"
    source: hosted
    version: "4.10.0"
  collection:
    dependency: "direct overridden"
    description:
      path: "."
      ref: "91afde43f488eef618454b896301c6ff59af72e0"
      resolved-ref: "91afde43f488eef618454b896301c6ff59af72e0"
      url: "https://dart.googlesource.com/collection.git"
    source: git
    version: "1.19.0-wip"
  compiler:
    dependency: "direct overridden"
    description:
      path: "pkg/compiler"
      ref: "3.2.6"
      resolved-ref: "3b128c5454834a1aaef37d9bb12595e7c217ab61"
      url: "https://github.com/dart-lang/sdk.git"
    source: git
    version: "0.0.0"
  convert:
    dependency: "direct overridden"
    description:
      path: "."
      ref: c058c8f4ebfdc09a5122db7988acd9e117a7da48
      resolved-ref: c058c8f4ebfdc09a5122db7988acd9e117a7da48
      url: "https://dart.googlesource.com/convert.git"
    source: git
    version: "3.1.2-dev"
  coverage:
    dependency: transitive
    description:
      name: coverage
      sha256: "3945034e86ea203af7a056d98e98e42a5518fff200d6e8e6647e1886b07e936e"
      url: "https://pub.dev"
    source: hosted
    version: "1.8.0"
  crypto:
    dependency: "direct overridden"
    description:
      path: "."
      ref: "1e26879c8f166850288e8722c590a465b4461f1f"
      resolved-ref: "1e26879c8f166850288e8722c590a465b4461f1f"
      url: "https://dart.googlesource.com/crypto.git"
    source: git
    version: "3.0.3"
  csslib:
    dependency: "direct overridden"
    description:
      path: "."
      ref: bd30a1a773ec66d3e435dfc53fc140f1967716da
      resolved-ref: bd30a1a773ec66d3e435dfc53fc140f1967716da
      url: "https://dart.googlesource.com/csslib.git"
    source: git
    version: "1.0.0"
  dap:
    dependency: "direct overridden"
    description:
      path: "pkg/dap"
      ref: "3.2.6"
      resolved-ref: "3b128c5454834a1aaef37d9bb12595e7c217ab61"
      url: "https://github.com/dart-lang/sdk.git"
    source: git
    version: "1.1.0"
  dart2js_info:
    dependency: "direct overridden"
    description:
      path: "pkg/dart2js_info"
      ref: "3.2.6"
      resolved-ref: "3b128c5454834a1aaef37d9bb12595e7c217ab61"
      url: "https://github.com/dart-lang/sdk.git"
    source: git
    version: "0.0.0"
  dart2js_runtime_metrics:
    dependency: "direct overridden"
    description:
      path: "pkg/dart2js_runtime_metrics"
      ref: "3.2.6"
      resolved-ref: "3b128c5454834a1aaef37d9bb12595e7c217ab61"
      url: "https://github.com/dart-lang/sdk.git"
    source: git
    version: "0.2.0"
  dart2js_tools:
    dependency: "direct overridden"
    description:
      path: "pkg/dart2js_tools"
      ref: "3.2.6"
      resolved-ref: "3b128c5454834a1aaef37d9bb12595e7c217ab61"
      url: "https://github.com/dart-lang/sdk.git"
    source: git
    version: "0.0.0"
  dart2native:
    dependency: "direct overridden"
    description:
      path: "pkg/dart2native"
      ref: "3.2.6"
      resolved-ref: "3b128c5454834a1aaef37d9bb12595e7c217ab61"
      url: "https://github.com/dart-lang/sdk.git"
    source: git
    version: "0.0.0"
  dart2wasm:
    dependency: "direct overridden"
    description:
      path: "pkg/dart2wasm"
      ref: "3.2.6"
      resolved-ref: "3b128c5454834a1aaef37d9bb12595e7c217ab61"
      url: "https://github.com/dart-lang/sdk.git"
    source: git
    version: "0.0.0"
  dart_internal:
    dependency: "direct overridden"
    description:
      path: "pkg/dart_internal"
      ref: "3.2.6"
      resolved-ref: "3b128c5454834a1aaef37d9bb12595e7c217ab61"
      url: "https://github.com/dart-lang/sdk.git"
    source: git
    version: "0.2.9"
  dart_style:
    dependency: transitive
    description:
      name: dart_style
      sha256: "7856d364b589d1f08986e140938578ed36ed948581fbc3bc9aef1805039ac5ab"
      url: "https://pub.dev"
    source: hosted
    version: "2.3.7"
  dartdev:
    dependency: "direct overridden"
    description:
      path: "pkg/dartdev"
      ref: "3.2.6"
      resolved-ref: "3b128c5454834a1aaef37d9bb12595e7c217ab61"
      url: "https://github.com/dart-lang/sdk.git"
    source: git
    version: "0.0.0"
  dartdoc:
    dependency: "direct overridden"
    description:
      path: "."
      ref: "8c103397734f4dba75915e40c734a88e29a35f26"
      resolved-ref: "8c103397734f4dba75915e40c734a88e29a35f26"
      url: "https://dart.googlesource.com/dartdoc.git"
    source: git
    version: "7.0.1-wip"
  dds:
    dependency: "direct overridden"
    description:
      path: "pkg/dds"
      ref: "3.2.6"
      resolved-ref: "3b128c5454834a1aaef37d9bb12595e7c217ab61"
      url: "https://github.com/dart-lang/sdk.git"
    source: git
    version: "3.1.2"
  dds_service_extensions:
    dependency: "direct overridden"
    description:
      path: "pkg/dds_service_extensions"
      ref: "3.2.6"
      resolved-ref: "3b128c5454834a1aaef37d9bb12595e7c217ab61"
      url: "https://github.com/dart-lang/sdk.git"
    source: git
    version: "1.6.0"
  dev_compiler:
    dependency: "direct overridden"
    description:
      path: "pkg/dev_compiler"
      ref: "3.2.6"
      resolved-ref: "3b128c5454834a1aaef37d9bb12595e7c217ab61"
      url: "https://github.com/dart-lang/sdk.git"
    source: git
    version: "0.0.0"
  devtools_shared:
    dependency: transitive
    description:
      name: devtools_shared
      sha256: e2c6b7cf661996ba6d7473958ada07c507e29e6702a1204314e484093a7e0593
      url: "https://pub.dev"
    source: hosted
    version: "4.2.0"
  expect:
    dependency: "direct overridden"
    description:
      path: "pkg/expect"
      ref: "3.2.6"
      resolved-ref: "3b128c5454834a1aaef37d9bb12595e7c217ab61"
      url: "https://github.com/dart-lang/sdk.git"
    source: git
    version: "0.0.0"
  extension_discovery:
    dependency: transitive
    description:
      name: extension_discovery
      sha256: "20735622d0763865f9d94c3ecdce4441174530870760253e9d364fb4f3da8688"
      url: "https://pub.dev"
    source: hosted
    version: "2.0.0"
  ffi:
    dependency: "direct overridden"
    description:
      path: "."
      ref: d36e05af55293bcc511d6b3a99ea4b8cb69f6323
      resolved-ref: d36e05af55293bcc511d6b3a99ea4b8cb69f6323
      url: "https://dart.googlesource.com/ffi.git"
    source: git
    version: "2.1.0"
  file:
    dependency: "direct overridden"
    description:
      path: "packages/file"
      ref: a18ad1ce88eaeb5a11a13ef8fc25d1e78b546c59
      resolved-ref: a18ad1ce88eaeb5a11a13ef8fc25d1e78b546c59
      url: "https://dart.googlesource.com/external/github.com/google/file.dart"
    source: git
    version: "7.0.1-dev"
  fixnum:
    dependency: "direct overridden"
    description:
      path: "."
      ref: "87ed0658f32f992dc7360b77513eadfa7056aa9d"
      resolved-ref: "87ed0658f32f992dc7360b77513eadfa7056aa9d"
      url: "https://dart.googlesource.com/fixnum.git"
    source: git
    version: "1.1.0"
  front_end:
    dependency: "direct overridden"
    description:
      path: "pkg/front_end"
      ref: "3.2.6"
      resolved-ref: "3b128c5454834a1aaef37d9bb12595e7c217ab61"
      url: "https://github.com/dart-lang/sdk.git"
    source: git
    version: "0.0.0"
  frontend_server:
    dependency: "direct overridden"
    description:
      path: "pkg/frontend_server"
      ref: "3.2.6"
      resolved-ref: "3b128c5454834a1aaef37d9bb12595e7c217ab61"
      url: "https://github.com/dart-lang/sdk.git"
    source: git
    version: "0.0.0"
  frontend_server_client:
    dependency: transitive
    description:
      name: frontend_server_client
      sha256: "408e3ca148b31c20282ad6f37ebfa6f4bdc8fede5b74bc2f08d9d92b55db3612"
      url: "https://pub.dev"
    source: hosted
    version: "3.2.0"
  glob:
    dependency: "direct overridden"
    description:
      path: "."
      ref: "9c1996f9f9326d776fe151f292912113b8b64aa3"
      resolved-ref: "9c1996f9f9326d776fe151f292912113b8b64aa3"
      url: "https://dart.googlesource.com/glob.git"
    source: git
    version: "2.1.2"
  graphs:
    dependency: transitive
    description:
      name: graphs
      sha256: aedc5a15e78fc65a6e23bcd927f24c64dd995062bcd1ca6eda65a3cff92a4d19
      url: "https://pub.dev"
    source: hosted
    version: "2.3.1"
  html:
    dependency: "direct overridden"
    description:
      path: "."
      ref: a1b193e95f13c995e7f7200ce0d363de5952e383
      resolved-ref: a1b193e95f13c995e7f7200ce0d363de5952e383
      url: "https://dart.googlesource.com/html.git"
    source: git
    version: "0.15.5-wip"
  http:
    dependency: "direct overridden"
    description:
      path: "pkgs/http"
      ref: "12516197c28a0763b1f90c26b87660810bf58cc8"
      resolved-ref: "12516197c28a0763b1f90c26b87660810bf58cc8"
      url: "https://dart.googlesource.com/http.git"
    source: git
    version: "1.1.1-wip"
  http_multi_server:
    dependency: "direct overridden"
    description:
      path: "."
      ref: "9d62ea396d7d282592edf994378f67fcde982ce8"
      resolved-ref: "9d62ea396d7d282592edf994378f67fcde982ce8"
      url: "https://dart.googlesource.com/http_multi_server.git"
    source: git
    version: "3.2.2-dev"
  http_parser:
    dependency: "direct overridden"
    description:
      path: "."
      ref: d2d03e7dfa3b7a99515b16f827650d6e210799b5
      resolved-ref: d2d03e7dfa3b7a99515b16f827650d6e210799b5
      url: "https://dart.googlesource.com/http_parser.git"
    source: git
    version: "4.0.3-dev"
  intl:
    dependency: "direct overridden"
    description:
      path: "."
      ref: "5d65e3808ce40e6282e40881492607df4e35669f"
      resolved-ref: "5d65e3808ce40e6282e40881492607df4e35669f"
      url: "https://dart.googlesource.com/intl.git"
    source: git
    version: "0.18.1-dev"
  io:
    dependency: transitive
    description:
      name: io
      sha256: "2ec25704aba361659e10e3e5f5d672068d332fc8ac516421d483a11e5cbd061e"
      url: "https://pub.dev"
    source: hosted
    version: "1.0.4"
  js:
    dependency: "direct overridden"
    description:
      path: "pkg/js"
      ref: "3.2.6"
      resolved-ref: "3b128c5454834a1aaef37d9bb12595e7c217ab61"
      url: "https://github.com/dart-lang/sdk.git"
    source: git
    version: "0.6.9-dev"
  js_ast:
    dependency: "direct overridden"
    description:
      path: "pkg/js_ast"
      ref: "3.2.6"
      resolved-ref: "3b128c5454834a1aaef37d9bb12595e7c217ab61"
      url: "https://github.com/dart-lang/sdk.git"
    source: git
    version: "0.0.0"
  js_runtime:
    dependency: "direct overridden"
    description:
      path: "pkg/js_runtime"
      ref: "3.2.6"
      resolved-ref: "3b128c5454834a1aaef37d9bb12595e7c217ab61"
      url: "https://github.com/dart-lang/sdk.git"
    source: git
    version: "0.0.0"
  js_shared:
    dependency: "direct overridden"
    description:
      path: "pkg/js_shared"
      ref: "3.2.6"
      resolved-ref: "3b128c5454834a1aaef37d9bb12595e7c217ab61"
      url: "https://github.com/dart-lang/sdk.git"
    source: git
    version: "0.0.0"
  json_rpc_2:
    dependency: "direct overridden"
    description:
      path: "."
      ref: "50a37863be221f43ef07533c0c154ae676fc5df0"
      resolved-ref: "50a37863be221f43ef07533c0c154ae676fc5df0"
      url: "https://dart.googlesource.com/json_rpc_2.git"
    source: git
    version: "3.0.3-dev"
  kernel:
    dependency: "direct overridden"
    description:
      path: "pkg/kernel"
      ref: "3.2.6"
      resolved-ref: "3b128c5454834a1aaef37d9bb12595e7c217ab61"
      url: "https://github.com/dart-lang/sdk.git"
    source: git
    version: "0.0.0"
  leak_tracker:
    dependency: transitive
    description:
      name: leak_tracker
      sha256: c35baad643ba394b40aac41080300150a4f08fd0fd6a10378f8f7c6bc161acec
      url: "https://pub.dev"
    source: hosted
    version: "10.0.8"
  linter:
    dependency: "direct overridden"
    description:
      path: "pkg/linter"
      ref: "3.2.6"
      resolved-ref: "3b128c5454834a1aaef37d9bb12595e7c217ab61"
      url: "https://github.com/dart-lang/sdk.git"
    source: git
    version: "0.0.0"
  lints:
    dependency: "direct overridden"
    description:
      path: "."
      ref: b044acab9f6669b3d8e781923a8ff86877801177
      resolved-ref: b044acab9f6669b3d8e781923a8ff86877801177
      url: "https://dart.googlesource.com/lints.git"
    source: git
    version: "3.0.0-wip"
  logging:
    dependency: "direct overridden"
    description:
      path: "."
      ref: bcaad0f781a889d6e5cf8fc564fd0722c446b96e
      resolved-ref: bcaad0f781a889d6e5cf8fc564fd0722c446b96e
      url: "https://dart.googlesource.com/logging.git"
    source: git
    version: "1.2.0"
  markdown:
    dependency: "direct overridden"
    description:
      path: "."
      ref: "6cfd6f17651a8ba31b5a268f1139bb2c039dd4d4"
      resolved-ref: "6cfd6f17651a8ba31b5a268f1139bb2c039dd4d4"
      url: "https://dart.googlesource.com/markdown.git"
    source: git
    version: "7.1.2-wip"
  matcher:
    dependency: "direct overridden"
    description:
      path: "."
      ref: "80910d6698576ba486ace6e5fdf0e27324f138db"
      resolved-ref: "80910d6698576ba486ace6e5fdf0e27324f138db"
      url: "https://dart.googlesource.com/matcher.git"
    source: git
    version: "0.12.16"
  meta:
    dependency: "direct overridden"
    description:
      path: "pkg/meta"
      ref: "3.2.6"
      resolved-ref: "3b128c5454834a1aaef37d9bb12595e7c217ab61"
      url: "https://github.com/dart-lang/sdk.git"
    source: git
    version: "1.10.0"
  mime:
    dependency: "direct overridden"
    description:
      path: "."
      ref: "37ef637c35896e289fdd37c0ea4680df4ab9f543"
      resolved-ref: "37ef637c35896e289fdd37c0ea4680df4ab9f543"
      url: "https://dart.googlesource.com/mime.git"
    source: git
    version: "1.0.5-wip"
  mmap:
    dependency: "direct overridden"
    description:
      path: "pkg/mmap"
      ref: "3.2.6"
      resolved-ref: "3b128c5454834a1aaef37d9bb12595e7c217ab61"
      url: "https://github.com/dart-lang/sdk.git"
    source: git
    version: "0.0.0"
  mockito:
    dependency: "direct overridden"
    description:
      path: "."
      ref: "097e5635a6c1859e03e9c606c2ab4cfa74618bcc"
      resolved-ref: "097e5635a6c1859e03e9c606c2ab4cfa74618bcc"
      url: "https://dart.googlesource.com/mockito.git"
    source: git
    version: "5.4.3-wip"
  modular_test:
    dependency: "direct overridden"
    description:
      path: "pkg/modular_test"
      ref: "3.2.6"
      resolved-ref: "3b128c5454834a1aaef37d9bb12595e7c217ab61"
      url: "https://github.com/dart-lang/sdk.git"
    source: git
    version: "0.0.0"
  native_assets_builder:
    dependency: transitive
    description:
      name: native_assets_builder
      sha256: e0c1fe8ad60d73174f37f7e4c033b1866d748d06f5a24b3e7f3dd9603eca41c9
      url: "https://pub.dev"
    source: hosted
    version: "0.5.0"
  native_assets_cli:
    dependency: transitive
    description:
      name: native_assets_cli
      sha256: "4eb8a94601af0acd50f7e75e1ad15c0db0b046b89256ee994776b6a6d49139b7"
      url: "https://pub.dev"
    source: hosted
    version: "0.4.2"
  native_stack_traces:
    dependency: "direct overridden"
    description:
      path: "pkg/native_stack_traces"
      ref: "3.2.6"
      resolved-ref: "3b128c5454834a1aaef37d9bb12595e7c217ab61"
      url: "https://github.com/dart-lang/sdk.git"
    source: git
    version: "0.5.6"
  nnbd_migration:
    dependency: "direct overridden"
    description:
      path: "pkg/nnbd_migration"
      ref: "3.2.6"
      resolved-ref: "3b128c5454834a1aaef37d9bb12595e7c217ab61"
      url: "https://github.com/dart-lang/sdk.git"
    source: git
    version: "0.0.0"
  node_preamble:
    dependency: transitive
    description:
      name: node_preamble
      sha256: "6e7eac89047ab8a8d26cf16127b5ed26de65209847630400f9aefd7cd5c730db"
      url: "https://pub.dev"
    source: hosted
    version: "2.0.2"
  package_config:
    dependency: "direct overridden"
    description:
      path: "."
      ref: ae7ad83de97aba507fd05e97cc372bc6695c1759
      resolved-ref: ae7ad83de97aba507fd05e97cc372bc6695c1759
      url: "https://dart.googlesource.com/package_config.git"
    source: git
    version: "2.1.1-wip"
  path:
    dependency: "direct overridden"
    description:
      path: "."
      ref: "96d9183ad4f9e48109fa8d4b8269cf75f13922dd"
      resolved-ref: "96d9183ad4f9e48109fa8d4b8269cf75f13922dd"
      url: "https://dart.googlesource.com/path.git"
    source: git
    version: "1.9.0-wip"
  pool:
    dependency: "direct overridden"
    description:
      path: "."
      ref: a5bee3540a2b5b3a3c34038667e7cd7bb514dc62
      resolved-ref: a5bee3540a2b5b3a3c34038667e7cd7bb514dc62
      url: "https://dart.googlesource.com/pool.git"
    source: git
    version: "1.5.2-wip"
  protobuf:
    dependency: "direct overridden"
    description:
      path: protobuf
      ref: c16bc891978a1764f0d6d8eca54f420242c78a6a
      resolved-ref: c16bc891978a1764f0d6d8eca54f420242c78a6a
      url: "https://dart.googlesource.com/protobuf.git"
    source: git
    version: "3.1.0"
  pub:
    dependency: "direct overridden"
    description:
      path: "."
      ref: fca927ae2662204805e1646c0c0687369001a41a
      resolved-ref: fca927ae2662204805e1646c0c0687369001a41a
      url: "https://dart.googlesource.com/pub.git"
    source: git
    version: "0.0.0"
  pub_semver:
    dependency: "direct overridden"
    description:
      path: "."
      ref: f0be74a446f971db478e68b59ea62e393d6df3bd
      resolved-ref: f0be74a446f971db478e68b59ea62e393d6df3bd
      url: "https://dart.googlesource.com/pub_semver.git"
    source: git
    version: "2.1.5-wip"
  scrape:
    dependency: "direct overridden"
    description:
      path: "pkg/scrape"
      ref: "3.2.6"
      resolved-ref: "3b128c5454834a1aaef37d9bb12595e7c217ab61"
      url: "https://github.com/dart-lang/sdk.git"
    source: git
    version: "0.0.0"
  service_extension_router:
    dependency: "direct overridden"
    description:
      path: "pkg/service_extension_router"
      ref: "3.2.6"
      resolved-ref: "3b128c5454834a1aaef37d9bb12595e7c217ab61"
      url: "https://github.com/dart-lang/sdk.git"
    source: git
    version: "0.0.1-dev"
  shelf:
    dependency: "direct overridden"
    description:
      path: "pkgs/shelf"
      ref: "485197819b93a9f9342c389f1715fb8e17a7ac0f"
      resolved-ref: "485197819b93a9f9342c389f1715fb8e17a7ac0f"
      url: "https://dart.googlesource.com/shelf.git"
    source: git
    version: "1.4.2-dev"
  shelf_packages_handler:
    dependency: transitive
    description:
      name: shelf_packages_handler
      sha256: "89f967eca29607c933ba9571d838be31d67f53f6e4ee15147d5dc2934fee1b1e"
      url: "https://pub.dev"
    source: hosted
    version: "3.0.2"
  shelf_proxy:
    dependency: transitive
    description:
      name: shelf_proxy
      sha256: a71d2307f4393211930c590c3d2c00630f6c5a7a77edc1ef6436dfd85a6a7ee3
      url: "https://pub.dev"
    source: hosted
    version: "1.0.4"
  shelf_static:
    dependency: transitive
    description:
      name: shelf_static
      sha256: a41d3f53c4adf0f57480578c1d61d90342cd617de7fc8077b1304643c2d85c1e
      url: "https://pub.dev"
    source: hosted
    version: "1.1.2"
  shelf_web_socket:
    dependency: transitive
    description:
      name: shelf_web_socket
      sha256: "9ca081be41c60190ebcb4766b2486a7d50261db7bd0f5d9615f2d653637a84c1"
      url: "https://pub.dev"
    source: hosted
    version: "1.0.4"
  smith:
    dependency: "direct overridden"
    description:
      path: "pkg/smith"
      ref: "3.2.6"
      resolved-ref: "3b128c5454834a1aaef37d9bb12595e7c217ab61"
      url: "https://github.com/dart-lang/sdk.git"
    source: git
    version: "0.0.0"
  source_gen:
    dependency: transitive
    description:
      name: source_gen
      sha256: "14658ba5f669685cd3d63701d01b31ea748310f7ab854e471962670abcf57832"
      url: "https://pub.dev"
    source: hosted
    version: "1.5.0"
  source_map_stack_trace:
    dependency: "direct overridden"
    description:
      path: "."
      ref: "196d7bfa58ef307687907c323ab8e5fb1f382afa"
      resolved-ref: "196d7bfa58ef307687907c323ab8e5fb1f382afa"
      url: "https://dart.googlesource.com/source_map_stack_trace.git"
    source: git
    version: "2.1.2-dev"
  source_maps:
    dependency: "direct overridden"
    description:
      path: "."
      ref: eb3d40a6193adc63da958ed9451e3218bd6e95a0
      resolved-ref: eb3d40a6193adc63da958ed9451e3218bd6e95a0
      url: "https://dart.googlesource.com/source_maps.git"
    source: git
    version: "0.10.13-wip"
  source_span:
    dependency: "direct overridden"
    description:
      path: "."
      ref: "48d0f574ee0a92a241c865d47f461803a664b5ba"
      resolved-ref: "48d0f574ee0a92a241c865d47f461803a664b5ba"
      url: "https://dart.googlesource.com/source_span.git"
    source: git
    version: "1.10.0"
  sourcemap_testing:
    dependency: "direct overridden"
    description:
      path: "pkg/sourcemap_testing"
      ref: "3.2.6"
      resolved-ref: "3b128c5454834a1aaef37d9bb12595e7c217ab61"
      url: "https://github.com/dart-lang/sdk.git"
    source: git
    version: "0.0.0"
  sse:
    dependency: "direct overridden"
    description:
      path: "."
      ref: eeb2588ce56a5b2f1e4bbd88c2b35c910c505b71
      resolved-ref: eeb2588ce56a5b2f1e4bbd88c2b35c910c505b71
      url: "https://dart.googlesource.com/sse.git"
    source: git
    version: "4.1.3-dev"
  stack_trace:
    dependency: "direct overridden"
    description:
      path: "."
      ref: bcf2a0b1b7d4abaeedcb8b18ff41e4994aea1b17
      resolved-ref: bcf2a0b1b7d4abaeedcb8b18ff41e4994aea1b17
      url: "https://dart.googlesource.com/stack_trace.git"
    source: git
    version: "1.11.1"
  status_file:
    dependency: "direct overridden"
    description:
      path: "pkg/status_file"
      ref: "3.2.6"
      resolved-ref: "3b128c5454834a1aaef37d9bb12595e7c217ab61"
      url: "https://github.com/dart-lang/sdk.git"
    source: git
    version: "0.0.0"
  stream_channel:
    dependency: "direct overridden"
    description:
      path: "."
      ref: "0ce7ab69c3a2ab83cdeb9dc60e1bacbb83abc165"
      resolved-ref: "0ce7ab69c3a2ab83cdeb9dc60e1bacbb83abc165"
      url: "https://dart.googlesource.com/stream_channel.git"
    source: git
    version: "2.1.2"
  string_scanner:
    dependency: "direct overridden"
    description:
      path: "."
      ref: da9142cf9809e7e1364144b8193ec60d87f0a4b8
      resolved-ref: da9142cf9809e7e1364144b8193ec60d87f0a4b8
      url: "https://dart.googlesource.com/string_scanner.git"
    source: git
    version: "1.2.1-wip"
  sync_http:
    dependency: "direct overridden"
    description:
      path: "."
      ref: "8233f74cd8a87707c13beceb59b56bca41b52966"
      resolved-ref: "8233f74cd8a87707c13beceb59b56bca41b52966"
      url: "https://dart.googlesource.com/sync_http.git"
    source: git
    version: "0.3.2-dev"
  tar:
    dependency: "direct overridden"
    description:
      path: "."
      ref: "3c68cba8e51c569428222b9185469249206172c6"
      resolved-ref: "3c68cba8e51c569428222b9185469249206172c6"
      url: "https://dart.googlesource.com/external/github.com/simolus3/tar.git"
    source: git
    version: "1.0.1"
  telemetry:
    dependency: "direct overridden"
    description:
      path: "pkg/telemetry"
      ref: "3.2.6"
      resolved-ref: "3b128c5454834a1aaef37d9bb12595e7c217ab61"
      url: "https://github.com/dart-lang/sdk.git"
    source: git
    version: "0.0.0"
  term_glyph:
    dependency: "direct overridden"
    description:
      path: "."
      ref: "1b28285a7e818b8e87c4d2119d968c5b36d73c7a"
      resolved-ref: "1b28285a7e818b8e87c4d2119d968c5b36d73c7a"
      url: "https://dart.googlesource.com/term_glyph.git"
    source: git
    version: "1.2.2-wip"
  test:
    dependency: "direct overridden"
    description:
      path: "pkgs/test"
      ref: "8191a355cefe5e6073e597d139bfb46e4b00c493"
      resolved-ref: "8191a355cefe5e6073e597d139bfb46e4b00c493"
      url: "https://dart.googlesource.com/test.git"
    source: git
    version: "1.24.7-wip"
  test_api:
    dependency: "direct overridden"
    description:
      path: "pkgs/test_api"
      ref: "8191a355cefe5e6073e597d139bfb46e4b00c493"
      resolved-ref: "8191a355cefe5e6073e597d139bfb46e4b00c493"
      url: "https://dart.googlesource.com/test.git"
    source: git
    version: "0.6.1"
  test_core:
    dependency: "direct overridden"
    description:
      path: "pkgs/test_core"
      ref: "8191a355cefe5e6073e597d139bfb46e4b00c493"
      resolved-ref: "8191a355cefe5e6073e597d139bfb46e4b00c493"
      url: "https://dart.googlesource.com/test.git"
    source: git
    version: "0.5.7-wip"
  test_descriptor:
    dependency: "direct overridden"
    description:
      path: "."
      ref: "030193dfdfbf85930eae8536909c546151da9e9c"
      resolved-ref: "030193dfdfbf85930eae8536909c546151da9e9c"
      url: "https://dart.googlesource.com/test_descriptor.git"
    source: git
    version: "2.0.2-dev"
  test_process:
    dependency: "direct overridden"
    description:
      path: "."
      ref: "2a6ee23fc2550fa466105819f5335fcfbab14035"
      resolved-ref: "2a6ee23fc2550fa466105819f5335fcfbab14035"
      url: "https://dart.googlesource.com/test_process.git"
    source: git
    version: "2.1.0"
  test_reflective_loader:
    dependency: "direct overridden"
    description:
      path: "."
      ref: "45c57d62fb08471681cd0b0a1c3b131bf0122929"
      resolved-ref: "45c57d62fb08471681cd0b0a1c3b131bf0122929"
      url: "https://dart.googlesource.com/test_reflective_loader.git"
    source: git
    version: "0.2.2"
  test_runner:
    dependency: "direct overridden"
    description:
      path: "pkg/test_runner"
      ref: "3.2.6"
      resolved-ref: "3b128c5454834a1aaef37d9bb12595e7c217ab61"
      url: "https://github.com/dart-lang/sdk.git"
    source: git
    version: "0.0.0"
  testing:
    dependency: "direct overridden"
    description:
      path: "pkg/testing"
      ref: "3.2.6"
      resolved-ref: "3b128c5454834a1aaef37d9bb12595e7c217ab61"
      url: "https://github.com/dart-lang/sdk.git"
    source: git
    version: "0.0.0"
  typed_data:
    dependency: "direct overridden"
    description:
      path: "."
      ref: "80e8943524a627f7ff421ace824f38105983e89a"
      resolved-ref: "80e8943524a627f7ff421ace824f38105983e89a"
      url: "https://dart.googlesource.com/typed_data.git"
    source: git
    version: "1.3.3-wip"
  unified_analytics:
    dependency: transitive
    description:
      name: unified_analytics
      sha256: "916215af2dc2f54a204c6bfbc645ec401b6a150048764814379f42e09b557d2d"
      url: "https://pub.dev"
    source: hosted
    version: "6.1.2"
  usage:
    dependency: "direct overridden"
    description:
      path: "."
      ref: "7b12d510b5abde8a216437b8430ccfd02273625c"
      resolved-ref: "7b12d510b5abde8a216437b8430ccfd02273625c"
      url: "https://dart.googlesource.com/usage.git"
    source: git
    version: "4.1.1"
  vector_math:
    dependency: "direct overridden"
    description:
      path: "."
      ref: d54af8a2b8b8d935a475a4da6ea5a1b343f29562
      resolved-ref: d54af8a2b8b8d935a475a4da6ea5a1b343f29562
      url: "https://dart.googlesource.com/external/github.com/google/vector_math.dart.git"
    source: git
    version: "2.1.5-dev"
  vm:
    dependency: "direct overridden"
    description:
      path: "pkg/vm"
      ref: "3.2.6"
      resolved-ref: "3b128c5454834a1aaef37d9bb12595e7c217ab61"
      url: "https://github.com/dart-lang/sdk.git"
    source: git
    version: "0.0.0"
  vm_service:
    dependency: "direct overridden"
    description:
      path: "pkg/vm_service"
      ref: "3.2.6"
      resolved-ref: "3b128c5454834a1aaef37d9bb12595e7c217ab61"
      url: "https://github.com/dart-lang/sdk.git"
    source: git
    version: "12.0.0"
  vm_service_protos:
    dependency: "direct overridden"
    description:
      path: "pkg/vm_service_protos"
      ref: "3.2.6"
      resolved-ref: "3b128c5454834a1aaef37d9bb12595e7c217ab61"
      url: "https://github.com/dart-lang/sdk.git"
    source: git
    version: "1.0.0"
  vm_snapshot_analysis:
    dependency: "direct overridden"
    description:
      path: "pkg/vm_snapshot_analysis"
      ref: "3.2.6"
      resolved-ref: "3b128c5454834a1aaef37d9bb12595e7c217ab61"
      url: "https://github.com/dart-lang/sdk.git"
    source: git
    version: "0.7.6"
  wasm_builder:
    dependency: "direct overridden"
    description:
      path: "pkg/wasm_builder"
      ref: "3.2.6"
      resolved-ref: "3b128c5454834a1aaef37d9bb12595e7c217ab61"
      url: "https://github.com/dart-lang/sdk.git"
    source: git
    version: "0.0.0"
  watcher:
    dependency: "direct overridden"
    description:
      path: "."
      ref: "1aed03e2a8005f45083fdb38cbd4b684cd23082f"
      resolved-ref: "1aed03e2a8005f45083fdb38cbd4b684cd23082f"
      url: "https://dart.googlesource.com/watcher.git"
    source: git
    version: "1.1.0"
  web:
    dependency: transitive
    description:
      name: web
      sha256: "4188706108906f002b3a293509234588823c8c979dc83304e229ff400c996b05"
      url: "https://pub.dev"
    source: hosted
    version: "0.4.2"
  web_socket_channel:
    dependency: transitive
    description:
      name: web_socket_channel
      sha256: "939ab60734a4f8fa95feacb55804fa278de28bdeef38e616dc08e44a84adea23"
      url: "https://pub.dev"
    source: hosted
    version: "2.4.3"
  webdriver:
    dependency: transitive
    description:
      name: webdriver
      sha256: "3d773670966f02a646319410766d3b5e1037efb7f07cc68f844d5e06cd4d61c8"
      url: "https://pub.dev"
    source: hosted
    version: "3.0.4"
  webkit_inspection_protocol:
    dependency: transitive
    description:
      name: webkit_inspection_protocol
      sha256: "87d3f2333bb240704cd3f1c6b5b7acd8a10e7f0bc28c28dcf14e782014f4a572"
      url: "https://pub.dev"
    source: hosted
    version: "1.2.1"
  yaml:
    dependency: "direct overridden"
    description:
      path: "."
      ref: ae001879aa377afee2e70cf11b8716d6cc3e2658
      resolved-ref: ae001879aa377afee2e70cf11b8716d6cc3e2658
      url: "https://dart.googlesource.com/yaml.git"
    source: git
    version: "3.1.3-wip"
  yaml_edit:
    dependency: "direct overridden"
    description:
      path: "."
      ref: "4a9734dda12f63ef9eee4121f87ff4401e25a607"
      resolved-ref: "4a9734dda12f63ef9eee4121f87ff4401e25a607"
      url: "https://dart.googlesource.com/yaml_edit.git"
    source: git
    version: "2.1.1"
sdks:
  dart: ">=3.2.0 <4.0.0"
